
Microsoft Visual Studio Solution File, Format Version 12.00
# Visual Studio Version 16
VisualStudioVersion = 16.0.31410.357
MinimumVisualStudioVersion = 10.0.40219.1
Project("{FAE04EC0-301F-11D3-BF4B-00C04F79EFBC}") = "BankOfDotNet.API", "BankOfDotNet.API\BankOfDotNet.API.csproj", "{FD6D33FF-0EB0-4AD9-93A0-ED06FAE5E7B8}"
EndProject
Project("{FAE04EC0-301F-11D3-BF4B-00C04F79EFBC}") = "BankOfDotNet.IdentityServer", "BankOfDotNet.IdentityServer\BankOfDotNet.IdentityServer.csproj", "{13C9B216-1F61-4DC0-860F-1456CF5A1BEA}"
EndProject
Global
	GlobalSection(SolutionConfigurationPlatforms) = preSolution
		Debug|Any CPU = Debug|Any CPU
		Release|Any CPU = Release|Any CPU
	EndGlobalSection
	GlobalSection(ProjectConfigurationPlatforms) = postSolution
		{FD6D33FF-0EB0-4AD9-93A0-ED06FAE5E7B8}.Debug|Any CPU.ActiveCfg = Debug|Any CPU
		{FD6D33FF-0EB0-4AD9-93A0-ED06FAE5E7B8}.Debug|Any CPU.Build.0 = Debug|Any CPU
		{FD6D33FF-0EB0-4AD9-93A0-ED06FAE5E7B8}.Release|Any CPU.ActiveCfg = Release|Any CPU
		{FD6D33FF-0EB0-4AD9-93A0-ED06FAE5E7B8}.Release|Any CPU.Build.0 = Release|Any CPU
		{13C9B216-1F61-4DC0-860F-1456CF5A1BEA}.Debug|Any CPU.ActiveCfg = Debug|Any CPU
		{13C9B216-1F61-4DC0-860F-1456CF5A1BEA}.Debug|Any CPU.Build.0 = Debug|Any CPU
		{13C9B216-1F61-4DC0-860F-1456CF5A1BEA}.Release|Any CPU.ActiveCfg = Release|Any CPU
		{13C9B216-1F61-4DC0-860F-1456CF5A1BEA}.Release|Any CPU.Build.0 = Release|Any CPU
	EndGlobalSection
	GlobalSection(SolutionProperties) = preSolution
		HideSolutionNode = FALSE
	EndGlobalSection
	GlobalSection(ExtensibilityGlobals) = postSolution
		SolutionGuid = {EC05171E-311C-444E-9787-14D29ED8B49D}
	EndGlobalSection
EndGlobal
